
Microsoft Visual Studio Solution File, Format Version 12.00
# Visual Studio 15
Project("{FAE04EC0-301F-11D3-BF4B-00C04F79EFBC}") = "Assembly-CSharp", "Assembly-CSharp.csproj", "{EDA574A4-3BF0-29C4-537C-E7D1D248AFC1}"
EndProject
Project("{FAE04EC0-301F-11D3-BF4B-00C04F79EFBC}") = "Assembly-CSharp-Editor", "Assembly-CSharp-Editor.csproj", "{46FB909B-B2E9-9599-042B-247953D9709D}"
EndProject
Global
	GlobalSection(SolutionConfigurationPlatforms) = preSolution
		Debug|Any CPU = Debug|Any CPU
		Release|Any CPU = Release|Any CPU
	EndGlobalSection
	GlobalSection(ProjectConfigurationPlatforms) = postSolution
		{EDA574A4-3BF0-29C4-537C-E7D1D248AFC1}.Debug|Any CPU.ActiveCfg = Debug|Any CPU
		{EDA574A4-3BF0-29C4-537C-E7D1D248AFC1}.Debug|Any CPU.Build.0 = Debug|Any CPU
		{EDA574A4-3BF0-29C4-537C-E7D1D248AFC1}.Release|Any CPU.ActiveCfg = Release|Any CPU
		{EDA574A4-3BF0-29C4-537C-E7D1D248AFC1}.Release|Any CPU.Build.0 = Release|Any CPU
		{46FB909B-B2E9-9599-042B-247953D9709D}.Debug|Any CPU.ActiveCfg = Debug|Any CPU
		{46FB909B-B2E9-9599-042B-247953D9709D}.Debug|Any CPU.Build.0 = Debug|Any CPU
		{46FB909B-B2E9-9599-042B-247953D9709D}.Release|Any CPU.ActiveCfg = Release|Any CPU
		{46FB909B-B2E9-9599-042B-247953D9709D}.Release|Any CPU.Build.0 = Release|Any CPU
	EndGlobalSection
	GlobalSection(SolutionProperties) = preSolution
		HideSolutionNode = FALSE
	EndGlobalSection
EndGlobal
